
Microsoft Visual Studio Solution File, Format Version 12.00
# Visual Studio Version 16
VisualStudioVersion = 16.0.30907.101
MinimumVisualStudioVersion = 10.0.40219.1
Project("{FAE04EC0-301F-11D3-BF4B-00C04F79EFBC}") = "Hafta5OOP3", "Hafta5OOP3\Hafta5OOP3.csproj", "{B2EC2690-5B26-41BD-864E-598B26C9DA44}"
EndProject
Global
	GlobalSection(SolutionConfigurationPlatforms) = preSolution
		Debug|Any CPU = Debug|Any CPU
		Release|Any CPU = Release|Any CPU
	EndGlobalSection
	GlobalSection(ProjectConfigurationPlatforms) = postSolution
		{B2EC2690-5B26-41BD-864E-598B26C9DA44}.Debug|Any CPU.ActiveCfg = Debug|Any CPU
		{B2EC2690-5B26-41BD-864E-598B26C9DA44}.Debug|Any CPU.Build.0 = Debug|Any CPU
		{B2EC2690-5B26-41BD-864E-598B26C9DA44}.Release|Any CPU.ActiveCfg = Release|Any CPU
		{B2EC2690-5B26-41BD-864E-598B26C9DA44}.Release|Any CPU.Build.0 = Release|Any CPU
	EndGlobalSection
	GlobalSection(SolutionProperties) = preSolution
		HideSolutionNode = FALSE
	EndGlobalSection
	GlobalSection(ExtensibilityGlobals) = postSolution
		SolutionGuid = {0535A807-057D-4D57-B41F-292B033BB678}
	EndGlobalSection
EndGlobal
